
Microsoft Visual Studio Solution File, Format Version 12.00
# Visual Studio Version 16
VisualStudioVersion = 16.0.31019.35
MinimumVisualStudioVersion = 10.0.40219.1
Project("{FAE04EC0-301F-11D3-BF4B-00C04F79EFBC}") = "RatRaceGame", "RatRaceGame\RatRaceGame.csproj", "{290752DD-365F-4724-82B0-CD995262190B}"
EndProject
Project("{FAE04EC0-301F-11D3-BF4B-00C04F79EFBC}") = "RatRaceGameTest", "RatRaceGameTest\RatRaceGameTest.csproj", "{392B977C-B6B1-4EFA-A13C-6076969D388E}"
EndProject
Global
	GlobalSection(SolutionConfigurationPlatforms) = preSolution
		Debug|Any CPU = Debug|Any CPU
		Release|Any CPU = Release|Any CPU
	EndGlobalSection
	GlobalSection(ProjectConfigurationPlatforms) = postSolution
		{290752DD-365F-4724-82B0-CD995262190B}.Debug|Any CPU.ActiveCfg = Debug|Any CPU
		{290752DD-365F-4724-82B0-CD995262190B}.Debug|Any CPU.Build.0 = Debug|Any CPU
		{290752DD-365F-4724-82B0-CD995262190B}.Release|Any CPU.ActiveCfg = Release|Any CPU
		{290752DD-365F-4724-82B0-CD995262190B}.Release|Any CPU.Build.0 = Release|Any CPU
		{392B977C-B6B1-4EFA-A13C-6076969D388E}.Debug|Any CPU.ActiveCfg = Debug|Any CPU
		{392B977C-B6B1-4EFA-A13C-6076969D388E}.Debug|Any CPU.Build.0 = Debug|Any CPU
		{392B977C-B6B1-4EFA-A13C-6076969D388E}.Release|Any CPU.ActiveCfg = Release|Any CPU
		{392B977C-B6B1-4EFA-A13C-6076969D388E}.Release|Any CPU.Build.0 = Release|Any CPU
	EndGlobalSection
	GlobalSection(SolutionProperties) = preSolution
		HideSolutionNode = FALSE
	EndGlobalSection
	GlobalSection(ExtensibilityGlobals) = postSolution
		SolutionGuid = {956FB670-DA70-4033-9F9D-068AED7F3903}
	EndGlobalSection
EndGlobal
